// !$*UTF8*$!
{
	archiveVersion = 1;
	classes = {
	};
	objectVersion = 55;
	objects = {

/* Begin PBXBuildFile section */
		1943F03828DFA3EF00FC1E24 /* PlacesTableViewCell.swift in Sources */ = {isa = PBXBuildFile; fileRef = 1943F03728DFA3EF00FC1E24 /* PlacesTableViewCell.swift */; };
		1943F03A28DFAB7800FC1E24 /* Place.swift in Sources */ = {isa = PBXBuildFile; fileRef = 1943F03928DFAB7800FC1E24 /* Place.swift */; };
		1943F04628DFB86600FC1E24 /* Layouting.swift in Sources */ = {isa = PBXBuildFile; fileRef = 1943F04528DFB86600FC1E24 /* Layouting.swift */; };
		1943F04828DFB86A00FC1E24 /* Layoutable.swift in Sources */ = {isa = PBXBuildFile; fileRef = 1943F04728DFB86A00FC1E24 /* Layoutable.swift */; };
		1977058228F964960074D9D7 /* SettingTableViewCell.swift in Sources */ = {isa = PBXBuildFile; fileRef = 1977058128F964960074D9D7 /* SettingTableViewCell.swift */; };
		1977058528F9C8340074D9D7 /* CustomHeaderView.swift in Sources */ = {isa = PBXBuildFile; fileRef = 1977058428F9C8340074D9D7 /* CustomHeaderView.swift */; };
		1977058728F9D8260074D9D7 /* PlacesView.swift in Sources */ = {isa = PBXBuildFile; fileRef = 1977058628F9D8260074D9D7 /* PlacesView.swift */; };
		1977058928F9E0CC0074D9D7 /* CategoryCollectionViewCell.swift in Sources */ = {isa = PBXBuildFile; fileRef = 1977058828F9E0CC0074D9D7 /* CategoryCollectionViewCell.swift */; };
		1977058B28F9E5870074D9D7 /* CategoryTableViewCell.swift in Sources */ = {isa = PBXBuildFile; fileRef = 1977058A28F9E5870074D9D7 /* CategoryTableViewCell.swift */; };
		197E374528DF9007009C104B /* AppDelegate.swift in Sources */ = {isa = PBXBuildFile; fileRef = 197E374428DF9007009C104B /* AppDelegate.swift */; };
		197E374F28DF9007009C104B /* AirBnbClone.xcdatamodeld in Sources */ = {isa = PBXBuildFile; fileRef = 197E374D28DF9007009C104B /* AirBnbClone.xcdatamodeld */; };
		197E375128DF9009009C104B /* Assets.xcassets in Resources */ = {isa = PBXBuildFile; fileRef = 197E375028DF9009009C104B /* Assets.xcassets */; };
		197E375428DF9009009C104B /* LaunchScreen.storyboard in Resources */ = {isa = PBXBuildFile; fileRef = 197E375228DF9009009C104B /* LaunchScreen.storyboard */; };
		197E376328DF9D67009C104B /* MainTabController.swift in Sources */ = {isa = PBXBuildFile; fileRef = 197E376228DF9D67009C104B /* MainTabController.swift */; };
		197E376528DF9D86009C104B /* PlacesViewController.swift in Sources */ = {isa = PBXBuildFile; fileRef = 197E376428DF9D86009C104B /* PlacesViewController.swift */; };
		197E376728DF9D8D009C104B /* FavoritesViewController.swift in Sources */ = {isa = PBXBuildFile; fileRef = 197E376628DF9D8D009C104B /* FavoritesViewController.swift */; };
		197E376928DF9D99009C104B /* TripsViewController.swift in Sources */ = {isa = PBXBuildFile; fileRef = 197E376828DF9D98009C104B /* TripsViewController.swift */; };
		197E376B28DF9DA2009C104B /* MessagesViewController.swift in Sources */ = {isa = PBXBuildFile; fileRef = 197E376A28DF9DA2009C104B /* MessagesViewController.swift */; };
		197E376D28DF9DCA009C104B /* ProfilViewController.swift in Sources */ = {isa = PBXBuildFile; fileRef = 197E376C28DF9DCA009C104B /* ProfilViewController.swift */; };
		1983DF7129031E7400B2B631 /* PastSearchTableViewCell.swift in Sources */ = {isa = PBXBuildFile; fileRef = 1983DF7029031E7400B2B631 /* PastSearchTableViewCell.swift */; };
		1983DF7329041EE700B2B631 /* GoogleService-Info.plist in Resources */ = {isa = PBXBuildFile; fileRef = 1983DF7229041EE700B2B631 /* GoogleService-Info.plist */; };
		1983DF7629041F6C00B2B631 /* FirebaseAuth in Frameworks */ = {isa = PBXBuildFile; productRef = 1983DF7529041F6C00B2B631 /* FirebaseAuth */; };
		1983DF7829041F6C00B2B631 /* FirebaseDatabaseSwift in Frameworks */ = {isa = PBXBuildFile; productRef = 1983DF7729041F6C00B2B631 /* FirebaseDatabaseSwift */; };
		1983DF7A29041F6C00B2B631 /* FirebaseFirestoreSwift in Frameworks */ = {isa = PBXBuildFile; productRef = 1983DF7929041F6C00B2B631 /* FirebaseFirestoreSwift */; };
		1983DF7C29041F6C00B2B631 /* FirebaseRemoteConfigSwift in Frameworks */ = {isa = PBXBuildFile; productRef = 1983DF7B29041F6C00B2B631 /* FirebaseRemoteConfigSwift */; };
		1983DF7E29041F6C00B2B631 /* FirebaseStorage in Frameworks */ = {isa = PBXBuildFile; productRef = 1983DF7D29041F6C00B2B631 /* FirebaseStorage */; };
		1983DF84290428BC00B2B631 /* AuthController.swift in Sources */ = {isa = PBXBuildFile; fileRef = 1983DF83290428BC00B2B631 /* AuthController.swift */; };
		1983DF86290428D800B2B631 /* AuthView.swift in Sources */ = {isa = PBXBuildFile; fileRef = 1983DF85290428D800B2B631 /* AuthView.swift */; };
		1983DF8829042C5300B2B631 /* LoginViewController.swift in Sources */ = {isa = PBXBuildFile; fileRef = 1983DF8729042C5300B2B631 /* LoginViewController.swift */; };
		1983DF8A29042C5C00B2B631 /* LoginView.swift in Sources */ = {isa = PBXBuildFile; fileRef = 1983DF8929042C5C00B2B631 /* LoginView.swift */; };
		198A3A1428FAEEE30067668A /* PlaceImageCollectionViewCell.swift in Sources */ = {isa = PBXBuildFile; fileRef = 198A3A1328FAEEE30067668A /* PlaceImageCollectionViewCell.swift */; };
		19AAE2C428F5FE4700BE6B4C /* SearchDetailViewController.swift in Sources */ = {isa = PBXBuildFile; fileRef = 19AAE2C328F5FE4700BE6B4C /* SearchDetailViewController.swift */; };
		19AAE2C628F5FE6500BE6B4C /* SearchDetailView.swift in Sources */ = {isa = PBXBuildFile; fileRef = 19AAE2C528F5FE6500BE6B4C /* SearchDetailView.swift */; };
		19AAE2C928F5FF1100BE6B4C /* ProfilView.swift in Sources */ = {isa = PBXBuildFile; fileRef = 19AAE2C828F5FF1100BE6B4C /* ProfilView.swift */; };
		19E2451428FB46F600E3EF16 /* SearchDetailImageCollectionViewCell.swift in Sources */ = {isa = PBXBuildFile; fileRef = 19E2451328FB46F600E3EF16 /* SearchDetailImageCollectionViewCell.swift */; };
		19E2451628FB4AD900E3EF16 /* SearchDetail.swift in Sources */ = {isa = PBXBuildFile; fileRef = 19E2451528FB4AD900E3EF16 /* SearchDetail.swift */; };
		19F72F4629067A74009CF4F1 /* User.swift in Sources */ = {isa = PBXBuildFile; fileRef = 19F72F4529067A74009CF4F1 /* User.swift */; };
		19FB030928FF2C2E00133561 /* SearchViewController.swift in Sources */ = {isa = PBXBuildFile; fileRef = 19FB030828FF2C2E00133561 /* SearchViewController.swift */; };
		19FB030B28FF2C8200133561 /* SearchView.swift in Sources */ = {isa = PBXBuildFile; fileRef = 19FB030A28FF2C8200133561 /* SearchView.swift */; };
		19FB030E28FF32F200133561 /* ContinentsCollectionViewCell.swift in Sources */ = {isa = PBXBuildFile; fileRef = 19FB030D28FF32F200133561 /* ContinentsCollectionViewCell.swift */; };
		19FB031028FF348200133561 /* Continents.swift in Sources */ = {isa = PBXBuildFile; fileRef = 19FB030F28FF348200133561 /* Continents.swift */; };
		3A0EECFB929D83FC689DDDAD /* Pods_AirBnbClone.framework in Frameworks */ = {isa = PBXBuildFile; fileRef = 5786B97897516337602764A3 /* Pods_AirBnbClone.framework */; };
/* End PBXBuildFile section */

/* Begin PBXFileReference section */
		1943F03728DFA3EF00FC1E24 /* PlacesTableViewCell.swift */ = {isa = PBXFileReference; lastKnownFileType = sourcecode.swift; path = PlacesTableViewCell.swift; sourceTree = "<group>"; };
		1943F03928DFAB7800FC1E24 /* Place.swift */ = {isa = PBXFileReference; lastKnownFileType = sourcecode.swift; path = Place.swift; sourceTree = "<group>"; };
		1943F04528DFB86600FC1E24 /* Layouting.swift */ = {isa = PBXFileReference; fileEncoding = 4; lastKnownFileType = sourcecode.swift; path = Layouting.swift; sourceTree = "<group>"; };
		1943F04728DFB86A00FC1E24 /* Layoutable.swift */ = {isa = PBXFileReference; fileEncoding = 4; lastKnownFileType = sourcecode.swift; path = Layoutable.swift; sourceTree = "<group>"; };
		1977058128F964960074D9D7 /* SettingTableViewCell.swift */ = {isa = PBXFileReference; lastKnownFileType = sourcecode.swift; path = SettingTableViewCell.swift; sourceTree = "<group>"; };
		1977058428F9C8340074D9D7 /* CustomHeaderView.swift */ = {isa = PBXFileReference; lastKnownFileType = sourcecode.swift; path = CustomHeaderView.swift; sourceTree = "<group>"; };
		1977058628F9D8260074D9D7 /* PlacesView.swift */ = {isa = PBXFileReference; lastKnownFileType = sourcecode.swift; path = PlacesView.swift; sourceTree = "<group>"; };
		1977058828F9E0CC0074D9D7 /* CategoryCollectionViewCell.swift */ = {isa = PBXFileReference; lastKnownFileType = sourcecode.swift; path = CategoryCollectionViewCell.swift; sourceTree = "<group>"; };
		1977058A28F9E5870074D9D7 /* CategoryTableViewCell.swift */ = {isa = PBXFileReference; lastKnownFileType = sourcecode.swift; path = CategoryTableViewCell.swift; sourceTree = "<group>"; };
		197E374128DF9007009C104B /* AirBnbClone.app */ = {isa = PBXFileReference; explicitFileType = wrapper.application; includeInIndex = 0; path = AirBnbClone.app; sourceTree = BUILT_PRODUCTS_DIR; };
		197E374428DF9007009C104B /* AppDelegate.swift */ = {isa = PBXFileReference; lastKnownFileType = sourcecode.swift; path = AppDelegate.swift; sourceTree = "<group>"; };
		197E374E28DF9007009C104B /* AirBnbClone.xcdatamodel */ = {isa = PBXFileReference; lastKnownFileType = wrapper.xcdatamodel; path = AirBnbClone.xcdatamodel; sourceTree = "<group>"; };
		197E375028DF9009009C104B /* Assets.xcassets */ = {isa = PBXFileReference; lastKnownFileType = folder.assetcatalog; path = Assets.xcassets; sourceTree = "<group>"; };
		197E375328DF9009009C104B /* Base */ = {isa = PBXFileReference; lastKnownFileType = file.storyboard; name = Base; path = Base.lproj/LaunchScreen.storyboard; sourceTree = "<group>"; };
		197E375528DF9009009C104B /* Info.plist */ = {isa = PBXFileReference; lastKnownFileType = text.plist.xml; path = Info.plist; sourceTree = "<group>"; };
		197E376228DF9D67009C104B /* MainTabController.swift */ = {isa = PBXFileReference; lastKnownFileType = sourcecode.swift; path = MainTabController.swift; sourceTree = "<group>"; };
		197E376428DF9D86009C104B /* PlacesViewController.swift */ = {isa = PBXFileReference; lastKnownFileType = sourcecode.swift; path = PlacesViewController.swift; sourceTree = "<group>"; };
		197E376628DF9D8D009C104B /* FavoritesViewController.swift */ = {isa = PBXFileReference; lastKnownFileType = sourcecode.swift; path = FavoritesViewController.swift; sourceTree = "<group>"; };
		197E376828DF9D98009C104B /* TripsViewController.swift */ = {isa = PBXFileReference; lastKnownFileType = sourcecode.swift; path = TripsViewController.swift; sourceTree = "<group>"; };
		197E376A28DF9DA2009C104B /* MessagesViewController.swift */ = {isa = PBXFileReference; lastKnownFileType = sourcecode.swift; path = MessagesViewController.swift; sourceTree = "<group>"; };
		197E376C28DF9DCA009C104B /* ProfilViewController.swift */ = {isa = PBXFileReference; lastKnownFileType = sourcecode.swift; path = ProfilViewController.swift; sourceTree = "<group>"; };
		1983DF7029031E7400B2B631 /* PastSearchTableViewCell.swift */ = {isa = PBXFileReference; lastKnownFileType = sourcecode.swift; path = PastSearchTableViewCell.swift; sourceTree = "<group>"; };
		1983DF7229041EE700B2B631 /* GoogleService-Info.plist */ = {isa = PBXFileReference; fileEncoding = 4; lastKnownFileType = text.plist.xml; path = "GoogleService-Info.plist"; sourceTree = "<group>"; };
		1983DF83290428BC00B2B631 /* AuthController.swift */ = {isa = PBXFileReference; lastKnownFileType = sourcecode.swift; path = AuthController.swift; sourceTree = "<group>"; };
		1983DF85290428D800B2B631 /* AuthView.swift */ = {isa = PBXFileReference; lastKnownFileType = sourcecode.swift; path = AuthView.swift; sourceTree = "<group>"; };
		1983DF8729042C5300B2B631 /* LoginViewController.swift */ = {isa = PBXFileReference; lastKnownFileType = sourcecode.swift; path = LoginViewController.swift; sourceTree = "<group>"; };
		1983DF8929042C5C00B2B631 /* LoginView.swift */ = {isa = PBXFileReference; lastKnownFileType = sourcecode.swift; path = LoginView.swift; sourceTree = "<group>"; };
		198A3A1328FAEEE30067668A /* PlaceImageCollectionViewCell.swift */ = {isa = PBXFileReference; lastKnownFileType = sourcecode.swift; path = PlaceImageCollectionViewCell.swift; sourceTree = "<group>"; };
		19AAE2C328F5FE4700BE6B4C /* SearchDetailViewController.swift */ = {isa = PBXFileReference; lastKnownFileType = sourcecode.swift; path = SearchDetailViewController.swift; sourceTree = "<group>"; };
		19AAE2C528F5FE6500BE6B4C /* SearchDetailView.swift */ = {isa = PBXFileReference; lastKnownFileType = sourcecode.swift; path = SearchDetailView.swift; sourceTree = "<group>"; };
		19AAE2C828F5FF1100BE6B4C /* ProfilView.swift */ = {isa = PBXFileReference; lastKnownFileType = sourcecode.swift; path = ProfilView.swift; sourceTree = "<group>"; };
		19E2451328FB46F600E3EF16 /* SearchDetailImageCollectionViewCell.swift */ = {isa = PBXFileReference; lastKnownFileType = sourcecode.swift; path = SearchDetailImageCollectionViewCell.swift; sourceTree = "<group>"; };
		19E2451528FB4AD900E3EF16 /* SearchDetail.swift */ = {isa = PBXFileReference; lastKnownFileType = sourcecode.swift; path = SearchDetail.swift; sourceTree = "<group>"; };
		19F72F4529067A74009CF4F1 /* User.swift */ = {isa = PBXFileReference; lastKnownFileType = sourcecode.swift; path = User.swift; sourceTree = "<group>"; };
		19FB030828FF2C2E00133561 /* SearchViewController.swift */ = {isa = PBXFileReference; lastKnownFileType = sourcecode.swift; path = SearchViewController.swift; sourceTree = "<group>"; };
		19FB030A28FF2C8200133561 /* SearchView.swift */ = {isa = PBXFileReference; lastKnownFileType = sourcecode.swift; path = SearchView.swift; sourceTree = "<group>"; };
		19FB030D28FF32F200133561 /* ContinentsCollectionViewCell.swift */ = {isa = PBXFileReference; lastKnownFileType = sourcecode.swift; path = ContinentsCollectionViewCell.swift; sourceTree = "<group>"; };
		19FB030F28FF348200133561 /* Continents.swift */ = {isa = PBXFileReference; lastKnownFileType = sourcecode.swift; path = Continents.swift; sourceTree = "<group>"; };
		5786B97897516337602764A3 /* Pods_AirBnbClone.framework */ = {isa = PBXFileReference; explicitFileType = wrapper.framework; includeInIndex = 0; path = Pods_AirBnbClone.framework; sourceTree = BUILT_PRODUCTS_DIR; };
		9707D92F6065EB7BF8773952 /* Pods-AirBnbClone.release.xcconfig */ = {isa = PBXFileReference; includeInIndex = 1; lastKnownFileType = text.xcconfig; name = "Pods-AirBnbClone.release.xcconfig"; path = "Target Support Files/Pods-AirBnbClone/Pods-AirBnbClone.release.xcconfig"; sourceTree = "<group>"; };
		C9E0585FCB8B3021385A73E5 /* Pods-AirBnbClone.debug.xcconfig */ = {isa = PBXFileReference; includeInIndex = 1; lastKnownFileType = text.xcconfig; name = "Pods-AirBnbClone.debug.xcconfig"; path = "Target Support Files/Pods-AirBnbClone/Pods-AirBnbClone.debug.xcconfig"; sourceTree = "<group>"; };
/* End PBXFileReference section */

/* Begin PBXFrameworksBuildPhase section */
		197E373E28DF9007009C104B /* Frameworks */ = {
			isa = PBXFrameworksBuildPhase;
			buildActionMask = 2147483647;
			files = (
				1983DF7829041F6C00B2B631 /* FirebaseDatabaseSwift in Frameworks */,
				3A0EECFB929D83FC689DDDAD /* Pods_AirBnbClone.framework in Frameworks */,
				1983DF7C29041F6C00B2B631 /* FirebaseRemoteConfigSwift in Frameworks */,
				1983DF7629041F6C00B2B631 /* FirebaseAuth in Frameworks */,
				1983DF7A29041F6C00B2B631 /* FirebaseFirestoreSwift in Frameworks */,
				1983DF7E29041F6C00B2B631 /* FirebaseStorage in Frameworks */,
			);
			runOnlyForDeploymentPostprocessing = 0;
		};
/* End PBXFrameworksBuildPhase section */

/* Begin PBXGroup section */
		1943F04228DFB84F00FC1E24 /* Protocols */ = {
			isa = PBXGroup;
			children = (
				1943F04428DFB85F00FC1E24 /* Layoutable */,
				1943F04328DFB85C00FC1E24 /* Layouting */,
			);
			path = Protocols;
			sourceTree = "<group>";
		};
		1943F04328DFB85C00FC1E24 /* Layouting */ = {
			isa = PBXGroup;
			children = (
				1943F04528DFB86600FC1E24 /* Layouting.swift */,
			);
			path = Layouting;
			sourceTree = "<group>";
		};
		1943F04428DFB85F00FC1E24 /* Layoutable */ = {
			isa = PBXGroup;
			children = (
				1943F04728DFB86A00FC1E24 /* Layoutable.swift */,
			);
			path = Layoutable;
			sourceTree = "<group>";
		};
		1977058028F9648E0074D9D7 /* TableViewCell */ = {
			isa = PBXGroup;
			children = (
				1977058128F964960074D9D7 /* SettingTableViewCell.swift */,
			);
			path = TableViewCell;
			sourceTree = "<group>";
		};
		1977058328F9C8260074D9D7 /* HeaderView */ = {
			isa = PBXGroup;
			children = (
				1977058428F9C8340074D9D7 /* CustomHeaderView.swift */,
			);
			path = HeaderView;
			sourceTree = "<group>";
		};
		197E373828DF9007009C104B = {
			isa = PBXGroup;
			children = (
				197E374328DF9007009C104B /* AirBnbClone */,
				197E374228DF9007009C104B /* Products */,
				BCB4CF29DED019F1DB055E03 /* Pods */,
				FF7636035A516C7A23C5299D /* Frameworks */,
			);
			sourceTree = "<group>";
		};
		197E374228DF9007009C104B /* Products */ = {
			isa = PBXGroup;
			children = (
				197E374128DF9007009C104B /* AirBnbClone.app */,
			);
			name = Products;
			sourceTree = "<group>";
		};
		197E374328DF9007009C104B /* AirBnbClone */ = {
			isa = PBXGroup;
			children = (
				19AAE2A628F5F6CF00BE6B4C /* App */,
				19AAE2A728F5F6DB00BE6B4C /* Screens */,
			);
			path = AirBnbClone;
			sourceTree = "<group>";
		};
		197E375C28DF9014009C104B /* Views */ = {
			isa = PBXGroup;
			children = (
				197E376228DF9D67009C104B /* MainTabController.swift */,
			);
			path = Views;
			sourceTree = "<group>";
		};
		197E375F28DF901D009C104B /* Helpers */ = {
			isa = PBXGroup;
			children = (
				1943F04228DFB84F00FC1E24 /* Protocols */,
			);
			path = Helpers;
			sourceTree = "<group>";
		};
		1983DF6F29031E6500B2B631 /* TableViewCell */ = {
			isa = PBXGroup;
			children = (
				1983DF7029031E7400B2B631 /* PastSearchTableViewCell.swift */,
			);
			path = TableViewCell;
			sourceTree = "<group>";
		};
		1983DF7F290428AB00B2B631 /* Auth */ = {
			isa = PBXGroup;
			children = (
				1983DF82290428B400B2B631 /* Controller */,
				1983DF81290428B000B2B631 /* Model */,
				1983DF80290428AE00B2B631 /* View */,
			);
			path = Auth;
			sourceTree = "<group>";
		};
		1983DF80290428AE00B2B631 /* View */ = {
			isa = PBXGroup;
			children = (
				1983DF85290428D800B2B631 /* AuthView.swift */,
				1983DF8929042C5C00B2B631 /* LoginView.swift */,
			);
			path = View;
			sourceTree = "<group>";
		};
		1983DF81290428B000B2B631 /* Model */ = {
			isa = PBXGroup;
			children = (
				19F72F4529067A74009CF4F1 /* User.swift */,
			);
			path = Model;
			sourceTree = "<group>";
		};
		1983DF82290428B400B2B631 /* Controller */ = {
			isa = PBXGroup;
			children = (
				1983DF83290428BC00B2B631 /* AuthController.swift */,
				1983DF8729042C5300B2B631 /* LoginViewController.swift */,
			);
			path = Controller;
			sourceTree = "<group>";
		};
		198A3A1528FAEFA40067668A /* CollectionViewCell */ = {
			isa = PBXGroup;
			children = (
				1977058828F9E0CC0074D9D7 /* CategoryCollectionViewCell.swift */,
				198A3A1328FAEEE30067668A /* PlaceImageCollectionViewCell.swift */,
			);
			path = CollectionViewCell;
			sourceTree = "<group>";
		};
		19AAE2A628F5F6CF00BE6B4C /* App */ = {
			isa = PBXGroup;
			children = (
				19AAE2BE28F5F9CC00BE6B4C /* CoreData */,
				197E375F28DF901D009C104B /* Helpers */,
				19AAE2AC28F5F6ED00BE6B4C /* Delegates */,
				19AAE2AB28F5F6EB00BE6B4C /* Assets */,
				19AAE2AA28F5F6E900BE6B4C /* Plists */,
				19AAE2A928F5F6E700BE6B4C /* Views */,
				19AAE2A828F5F6E500BE6B4C /* Core */,
			);
			path = App;
			sourceTree = "<group>";
		};
		19AAE2A728F5F6DB00BE6B4C /* Screens */ = {
			isa = PBXGroup;
			children = (
				1983DF7F290428AB00B2B631 /* Auth */,
				19FB030428FF2C1B00133561 /* Search */,
				19AAE2BF28F5FE3100BE6B4C /* PlaceDetail */,
				19AAE2B128F5F72F00BE6B4C /* Places */,
				19AAE2B028F5F72D00BE6B4C /* Messages */,
				19AAE2AF28F5F72A00BE6B4C /* Favorites */,
				19AAE2AE28F5F72700BE6B4C /* Profil */,
				19AAE2AD28F5F72400BE6B4C /* Trips */,
				197E375C28DF9014009C104B /* Views */,
			);
			path = Screens;
			sourceTree = "<group>";
		};
		19AAE2A828F5F6E500BE6B4C /* Core */ = {
			isa = PBXGroup;
			children = (
			);
			path = Core;
			sourceTree = "<group>";
		};
		19AAE2A928F5F6E700BE6B4C /* Views */ = {
			isa = PBXGroup;
			children = (
				197E375228DF9009009C104B /* LaunchScreen.storyboard */,
			);
			path = Views;
			sourceTree = "<group>";
		};
		19AAE2AA28F5F6E900BE6B4C /* Plists */ = {
			isa = PBXGroup;
			children = (
				197E375528DF9009009C104B /* Info.plist */,
				1983DF7229041EE700B2B631 /* GoogleService-Info.plist */,
			);
			path = Plists;
			sourceTree = "<group>";
		};
		19AAE2AB28F5F6EB00BE6B4C /* Assets */ = {
			isa = PBXGroup;
			children = (
				197E375028DF9009009C104B /* Assets.xcassets */,
			);
			path = Assets;
			sourceTree = "<group>";
		};
		19AAE2AC28F5F6ED00BE6B4C /* Delegates */ = {
			isa = PBXGroup;
			children = (
				197E374428DF9007009C104B /* AppDelegate.swift */,
			);
			path = Delegates;
			sourceTree = "<group>";
		};
		19AAE2AD28F5F72400BE6B4C /* Trips */ = {
			isa = PBXGroup;
			children = (
				19AAE2B828F5F75100BE6B4C /* Controller */,
			);
			path = Trips;
			sourceTree = "<group>";
		};
		19AAE2AE28F5F72700BE6B4C /* Profil */ = {
			isa = PBXGroup;
			children = (
				19AAE2C728F5FF0C00BE6B4C /* View */,
				19AAE2B728F5F74F00BE6B4C /* Controller */,
			);
			path = Profil;
			sourceTree = "<group>";
		};
		19AAE2AF28F5F72A00BE6B4C /* Favorites */ = {
			isa = PBXGroup;
			children = (
				19AAE2BC28F5F9BC00BE6B4C /* Model */,
				19AAE2BD28F5F9BF00BE6B4C /* View */,
				19AAE2B628F5F74C00BE6B4C /* Controller */,
			);
			path = Favorites;
			sourceTree = "<group>";
		};
		19AAE2B028F5F72D00BE6B4C /* Messages */ = {
			isa = PBXGroup;
			children = (
				19AAE2BA28F5F9B300BE6B4C /* Model */,
				19AAE2BB28F5F9B500BE6B4C /* View */,
				19AAE2B528F5F74A00BE6B4C /* Controller */,
			);
			path = Messages;
			sourceTree = "<group>";
		};
		19AAE2B128F5F72F00BE6B4C /* Places */ = {
			isa = PBXGroup;
			children = (
				19AAE2B228F5F73800BE6B4C /* Model */,
				19AAE2B428F5F73D00BE6B4C /* View */,
				19AAE2B328F5F73A00BE6B4C /* Controller */,
			);
			path = Places;
			sourceTree = "<group>";
		};
		19AAE2B228F5F73800BE6B4C /* Model */ = {
			isa = PBXGroup;
			children = (
				1943F03928DFAB7800FC1E24 /* Place.swift */,
			);
			path = Model;
			sourceTree = "<group>";
		};
		19AAE2B328F5F73A00BE6B4C /* Controller */ = {
			isa = PBXGroup;
			children = (
				197E376428DF9D86009C104B /* PlacesViewController.swift */,
			);
			path = Controller;
			sourceTree = "<group>";
		};
		19AAE2B428F5F73D00BE6B4C /* View */ = {
			isa = PBXGroup;
			children = (
				198A3A1528FAEFA40067668A /* CollectionViewCell */,
				19AAE2B928F5F93F00BE6B4C /* TableViewCell */,
				1977058628F9D8260074D9D7 /* PlacesView.swift */,
			);
			path = View;
			sourceTree = "<group>";
		};
		19AAE2B528F5F74A00BE6B4C /* Controller */ = {
			isa = PBXGroup;
			children = (
				197E376A28DF9DA2009C104B /* MessagesViewController.swift */,
			);
			path = Controller;
			sourceTree = "<group>";
		};
		19AAE2B628F5F74C00BE6B4C /* Controller */ = {
			isa = PBXGroup;
			children = (
				197E376628DF9D8D009C104B /* FavoritesViewController.swift */,
			);
			path = Controller;
			sourceTree = "<group>";
		};
		19AAE2B728F5F74F00BE6B4C /* Controller */ = {
			isa = PBXGroup;
			children = (
				197E376C28DF9DCA009C104B /* ProfilViewController.swift */,
			);
			path = Controller;
			sourceTree = "<group>";
		};
		19AAE2B828F5F75100BE6B4C /* Controller */ = {
			isa = PBXGroup;
			children = (
				197E376828DF9D98009C104B /* TripsViewController.swift */,
			);
			path = Controller;
			sourceTree = "<group>";
		};
		19AAE2B928F5F93F00BE6B4C /* TableViewCell */ = {
			isa = PBXGroup;
			children = (
				1977058A28F9E5870074D9D7 /* CategoryTableViewCell.swift */,
				1943F03728DFA3EF00FC1E24 /* PlacesTableViewCell.swift */,
			);
			path = TableViewCell;
			sourceTree = "<group>";
		};
		19AAE2BA28F5F9B300BE6B4C /* Model */ = {
			isa = PBXGroup;
			children = (
			);
			path = Model;
			sourceTree = "<group>";
		};
		19AAE2BB28F5F9B500BE6B4C /* View */ = {
			isa = PBXGroup;
			children = (
			);
			path = View;
			sourceTree = "<group>";
		};
		19AAE2BC28F5F9BC00BE6B4C /* Model */ = {
			isa = PBXGroup;
			children = (
			);
			path = Model;
			sourceTree = "<group>";
		};
		19AAE2BD28F5F9BF00BE6B4C /* View */ = {
			isa = PBXGroup;
			children = (
			);
			path = View;
			sourceTree = "<group>";
		};
		19AAE2BE28F5F9CC00BE6B4C /* CoreData */ = {
			isa = PBXGroup;
			children = (
				197E374D28DF9007009C104B /* AirBnbClone.xcdatamodeld */,
			);
			path = CoreData;
			sourceTree = "<group>";
		};
		19AAE2BF28F5FE3100BE6B4C /* PlaceDetail */ = {
			isa = PBXGroup;
			children = (
				19AAE2C228F5FE3C00BE6B4C /* Controller */,
				19AAE2C128F5FE3800BE6B4C /* View */,
				19AAE2C028F5FE3500BE6B4C /* Model */,
			);
			path = PlaceDetail;
			sourceTree = "<group>";
		};
		19AAE2C028F5FE3500BE6B4C /* Model */ = {
			isa = PBXGroup;
			children = (
				19E2451528FB4AD900E3EF16 /* SearchDetail.swift */,
			);
			path = Model;
			sourceTree = "<group>";
		};
		19AAE2C128F5FE3800BE6B4C /* View */ = {
			isa = PBXGroup;
			children = (
				19E2451228FB46E000E3EF16 /* CollectionViewCell */,
				19AAE2C528F5FE6500BE6B4C /* SearchDetailView.swift */,
			);
			path = View;
			sourceTree = "<group>";
		};
		19AAE2C228F5FE3C00BE6B4C /* Controller */ = {
			isa = PBXGroup;
			children = (
				19AAE2C328F5FE4700BE6B4C /* SearchDetailViewController.swift */,
			);
			path = Controller;
			sourceTree = "<group>";
		};
		19AAE2C728F5FF0C00BE6B4C /* View */ = {
			isa = PBXGroup;
			children = (
				1977058328F9C8260074D9D7 /* HeaderView */,
				1977058028F9648E0074D9D7 /* TableViewCell */,
				19AAE2C828F5FF1100BE6B4C /* ProfilView.swift */,
			);
			path = View;
			sourceTree = "<group>";
		};
		19E2451228FB46E000E3EF16 /* CollectionViewCell */ = {
			isa = PBXGroup;
			children = (
				19E2451328FB46F600E3EF16 /* SearchDetailImageCollectionViewCell.swift */,
			);
			path = CollectionViewCell;
			sourceTree = "<group>";
		};
		19FB030428FF2C1B00133561 /* Search */ = {
			isa = PBXGroup;
			children = (
				19FB030728FF2C2600133561 /* Model */,
				19FB030628FF2C2400133561 /* View */,
				19FB030528FF2C2000133561 /* Controller */,
			);
			path = Search;
			sourceTree = "<group>";
		};
		19FB030528FF2C2000133561 /* Controller */ = {
			isa = PBXGroup;
			children = (
				19FB030828FF2C2E00133561 /* SearchViewController.swift */,
			);
			path = Controller;
			sourceTree = "<group>";
		};
		19FB030628FF2C2400133561 /* View */ = {
			isa = PBXGroup;
			children = (
				1983DF6F29031E6500B2B631 /* TableViewCell */,
				19FB030C28FF32BE00133561 /* CollectionViewCell */,
				19FB030A28FF2C8200133561 /* SearchView.swift */,
			);
			path = View;
			sourceTree = "<group>";
		};
		19FB030728FF2C2600133561 /* Model */ = {
			isa = PBXGroup;
			children = (
				19FB030F28FF348200133561 /* Continents.swift */,
			);
			path = Model;
			sourceTree = "<group>";
		};
		19FB030C28FF32BE00133561 /* CollectionViewCell */ = {
			isa = PBXGroup;
			children = (
				19FB030D28FF32F200133561 /* ContinentsCollectionViewCell.swift */,
			);
			path = CollectionViewCell;
			sourceTree = "<group>";
		};
		BCB4CF29DED019F1DB055E03 /* Pods */ = {
			isa = PBXGroup;
			children = (
				C9E0585FCB8B3021385A73E5 /* Pods-AirBnbClone.debug.xcconfig */,
				9707D92F6065EB7BF8773952 /* Pods-AirBnbClone.release.xcconfig */,
			);
			path = Pods;
			sourceTree = "<group>";
		};
		FF7636035A516C7A23C5299D /* Frameworks */ = {
			isa = PBXGroup;
			children = (
				5786B97897516337602764A3 /* Pods_AirBnbClone.framework */,
			);
			name = Frameworks;
			sourceTree = "<group>";
		};
/* End PBXGroup section */

/* Begin PBXNativeTarget section */
		197E374028DF9007009C104B /* AirBnbClone */ = {
			isa = PBXNativeTarget;
			buildConfigurationList = 197E375828DF9009009C104B /* Build configuration list for PBXNativeTarget "AirBnbClone" */;
			buildPhases = (
				245301ADEFFBA477EB7D5CD2 /* [CP] Check Pods Manifest.lock */,
				197E373D28DF9007009C104B /* Sources */,
				197E373E28DF9007009C104B /* Frameworks */,
				197E373F28DF9007009C104B /* Resources */,
				39A21B6184735FA08D3A10D7 /* [CP] Embed Pods Frameworks */,
			);
			buildRules = (
			);
			dependencies = (
			);
			name = AirBnbClone;
			packageProductDependencies = (
				1983DF7529041F6C00B2B631 /* FirebaseAuth */,
				1983DF7729041F6C00B2B631 /* FirebaseDatabaseSwift */,
				1983DF7929041F6C00B2B631 /* FirebaseFirestoreSwift */,
				1983DF7B29041F6C00B2B631 /* FirebaseRemoteConfigSwift */,
				1983DF7D29041F6C00B2B631 /* FirebaseStorage */,
			);
			productName = AirBnbClone;
			productReference = 197E374128DF9007009C104B /* AirBnbClone.app */;
			productType = "com.apple.product-type.application";
		};
/* End PBXNativeTarget section */

/* Begin PBXProject section */
		197E373928DF9007009C104B /* Project object */ = {
			isa = PBXProject;
			attributes = {
				BuildIndependentTargetsInParallel = 1;
				LastSwiftUpdateCheck = 1340;
				LastUpgradeCheck = 1340;
				TargetAttributes = {
					197E374028DF9007009C104B = {
						CreatedOnToolsVersion = 13.4.1;
					};
				};
			};
			buildConfigurationList = 197E373C28DF9007009C104B /* Build configuration list for PBXProject "AirBnbClone" */;
			compatibilityVersion = "Xcode 13.0";
			developmentRegion = en;
			hasScannedForEncodings = 0;
			knownRegions = (
				en,
				Base,
			);
			mainGroup = 197E373828DF9007009C104B;
			packageReferences = (
				1983DF7429041F6C00B2B631 /* XCRemoteSwiftPackageReference "firebase-ios-sdk" */,
			);
			productRefGroup = 197E374228DF9007009C104B /* Products */;
			projectDirPath = "";
			projectRoot = "";
			targets = (
				197E374028DF9007009C104B /* AirBnbClone */,
			);
		};
/* End PBXProject section */

/* Begin PBXResourcesBuildPhase section */
		197E373F28DF9007009C104B /* Resources */ = {
			isa = PBXResourcesBuildPhase;
			buildActionMask = 2147483647;
			files = (
				197E375428DF9009009C104B /* LaunchScreen.storyboard in Resources */,
				197E375128DF9009009C104B /* Assets.xcassets in Resources */,
				1983DF7329041EE700B2B631 /* GoogleService-Info.plist in Resources */,
			);
			runOnlyForDeploymentPostprocessing = 0;
		};
/* End PBXResourcesBuildPhase section */

/* Begin PBXShellScriptBuildPhase section */
		245301ADEFFBA477EB7D5CD2 /* [CP] Check Pods Manifest.lock */ = {
			isa = PBXShellScriptBuildPhase;
			buildActionMask = 2147483647;
			files = (
			);
			inputFileListPaths = (
			);
			inputPaths = (
				"${PODS_PODFILE_DIR_PATH}/Podfile.lock",
				"${PODS_ROOT}/Manifest.lock",
			);
			name = "[CP] Check Pods Manifest.lock";
			outputFileListPaths = (
			);
			outputPaths = (
				"$(DERIVED_FILE_DIR)/Pods-AirBnbClone-checkManifestLockResult.txt",
			);
			runOnlyForDeploymentPostprocessing = 0;
			shellPath = /bin/sh;
			shellScript = "diff \"${PODS_PODFILE_DIR_PATH}/Podfile.lock\" \"${PODS_ROOT}/Manifest.lock\" > /dev/null\nif [ $? != 0 ] ; then\n    # print error to STDERR\n    echo \"error: The sandbox is not in sync with the Podfile.lock. Run 'pod install' or update your CocoaPods installation.\" >&2\n    exit 1\nfi\n# This output is used by Xcode 'outputs' to avoid re-running this script phase.\necho \"SUCCESS\" > \"${SCRIPT_OUTPUT_FILE_0}\"\n";
			showEnvVarsInLog = 0;
		};
		39A21B6184735FA08D3A10D7 /* [CP] Embed Pods Frameworks */ = {
			isa = PBXShellScriptBuildPhase;
			buildActionMask = 2147483647;
			files = (
			);
			inputFileListPaths = (
				"${PODS_ROOT}/Target Support Files/Pods-AirBnbClone/Pods-AirBnbClone-frameworks-${CONFIGURATION}-input-files.xcfilelist",
			);
			name = "[CP] Embed Pods Frameworks";
			outputFileListPaths = (
				"${PODS_ROOT}/Target Support Files/Pods-AirBnbClone/Pods-AirBnbClone-frameworks-${CONFIGURATION}-output-files.xcfilelist",
			);
			runOnlyForDeploymentPostprocessing = 0;
			shellPath = /bin/sh;
			shellScript = "\"${PODS_ROOT}/Target Support Files/Pods-AirBnbClone/Pods-AirBnbClone-frameworks.sh\"\n";
			showEnvVarsInLog = 0;
		};
/* End PBXShellScriptBuildPhase section */

/* Begin PBXSourcesBuildPhase section */
		197E373D28DF9007009C104B /* Sources */ = {
			isa = PBXSourcesBuildPhase;
			buildActionMask = 2147483647;
			files = (
				1943F04828DFB86A00FC1E24 /* Layoutable.swift in Sources */,
				19FB030E28FF32F200133561 /* ContinentsCollectionViewCell.swift in Sources */,
				19AAE2C628F5FE6500BE6B4C /* SearchDetailView.swift in Sources */,
				197E376528DF9D86009C104B /* PlacesViewController.swift in Sources */,
				197E374528DF9007009C104B /* AppDelegate.swift in Sources */,
				197E376D28DF9DCA009C104B /* ProfilViewController.swift in Sources */,
				19E2451428FB46F600E3EF16 /* SearchDetailImageCollectionViewCell.swift in Sources */,
				197E376928DF9D99009C104B /* TripsViewController.swift in Sources */,
				1977058528F9C8340074D9D7 /* CustomHeaderView.swift in Sources */,
				1983DF7129031E7400B2B631 /* PastSearchTableViewCell.swift in Sources */,
				1977058228F964960074D9D7 /* SettingTableViewCell.swift in Sources */,
				198A3A1428FAEEE30067668A /* PlaceImageCollectionViewCell.swift in Sources */,
				1943F03828DFA3EF00FC1E24 /* PlacesTableViewCell.swift in Sources */,
				1983DF8829042C5300B2B631 /* LoginViewController.swift in Sources */,
				19FB031028FF348200133561 /* Continents.swift in Sources */,
				1943F04628DFB86600FC1E24 /* Layouting.swift in Sources */,
				1977058728F9D8260074D9D7 /* PlacesView.swift in Sources */,
				197E376328DF9D67009C104B /* MainTabController.swift in Sources */,
				19E2451628FB4AD900E3EF16 /* SearchDetail.swift in Sources */,
				197E374F28DF9007009C104B /* AirBnbClone.xcdatamodeld in Sources */,
				197E376728DF9D8D009C104B /* FavoritesViewController.swift in Sources */,
				19AAE2C928F5FF1100BE6B4C /* ProfilView.swift in Sources */,
				19FB030928FF2C2E00133561 /* SearchViewController.swift in Sources */,
				1977058B28F9E5870074D9D7 /* CategoryTableViewCell.swift in Sources */,
				1943F03A28DFAB7800FC1E24 /* Place.swift in Sources */,
				19AAE2C428F5FE4700BE6B4C /* SearchDetailViewController.swift in Sources */,
				1983DF84290428BC00B2B631 /* AuthController.swift in Sources */,
				1983DF86290428D800B2B631 /* AuthView.swift in Sources */,
				197E376B28DF9DA2009C104B /* MessagesViewController.swift in Sources */,
				19FB030B28FF2C8200133561 /* SearchView.swift in Sources */,
				1983DF8A29042C5C00B2B631 /* LoginView.swift in Sources */,
				1977058928F9E0CC0074D9D7 /* CategoryCollectionViewCell.swift in Sources */,
				19F72F4629067A74009CF4F1 /* User.swift in Sources */,
			);
			runOnlyForDeploymentPostprocessing = 0;
		};
/* End PBXSourcesBuildPhase section */

/* Begin PBXVariantGroup section */
		197E375228DF9009009C104B /* LaunchScreen.storyboard */ = {
			isa = PBXVariantGroup;
			children = (
				197E375328DF9009009C104B /* Base */,
			);
			name = LaunchScreen.storyboard;
			sourceTree = "<group>";
		};
/* End PBXVariantGroup section */

/* Begin XCBuildConfiguration section */
		197E375628DF9009009C104B /* Debug */ = {
			isa = XCBuildConfiguration;
			buildSettings = {
				ALWAYS_SEARCH_USER_PATHS = NO;
				CLANG_ANALYZER_NONNULL = YES;
				CLANG_ANALYZER_NUMBER_OBJECT_CONVERSION = YES_AGGRESSIVE;
				CLANG_CXX_LANGUAGE_STANDARD = "gnu++17";
				CLANG_ENABLE_MODULES = YES;
				CLANG_ENABLE_OBJC_ARC = YES;
				CLANG_ENABLE_OBJC_WEAK = YES;
				CLANG_WARN_BLOCK_CAPTURE_AUTORELEASING = YES;
				CLANG_WARN_BOOL_CONVERSION = YES;
				CLANG_WARN_COMMA = YES;
				CLANG_WARN_CONSTANT_CONVERSION = YES;
				CLANG_WARN_DEPRECATED_OBJC_IMPLEMENTATIONS = YES;
				CLANG_WARN_DIRECT_OBJC_ISA_USAGE = YES_ERROR;
				CLANG_WARN_DOCUMENTATION_COMMENTS = YES;
				CLANG_WARN_EMPTY_BODY = YES;
				CLANG_WARN_ENUM_CONVERSION = YES;
				CLANG_WARN_INFINITE_RECURSION = YES;
				CLANG_WARN_INT_CONVERSION = YES;
				CLANG_WARN_NON_LITERAL_NULL_CONVERSION = YES;
				CLANG_WARN_OBJC_IMPLICIT_RETAIN_SELF = YES;
				CLANG_WARN_OBJC_LITERAL_CONVERSION = YES;
				CLANG_WARN_OBJC_ROOT_CLASS = YES_ERROR;
				CLANG_WARN_QUOTED_INCLUDE_IN_FRAMEWORK_HEADER = YES;
				CLANG_WARN_RANGE_LOOP_ANALYSIS = YES;
				CLANG_WARN_STRICT_PROTOTYPES = YES;
				CLANG_WARN_SUSPICIOUS_MOVE = YES;
				CLANG_WARN_UNGUARDED_AVAILABILITY = YES_AGGRESSIVE;
				CLANG_WARN_UNREACHABLE_CODE = YES;
				CLANG_WARN__DUPLICATE_METHOD_MATCH = YES;
				COPY_PHASE_STRIP = NO;
				DEBUG_INFORMATION_FORMAT = dwarf;
				ENABLE_STRICT_OBJC_MSGSEND = YES;
				ENABLE_TESTABILITY = YES;
				GCC_C_LANGUAGE_STANDARD = gnu11;
				GCC_DYNAMIC_NO_PIC = NO;
				GCC_NO_COMMON_BLOCKS = YES;
				GCC_OPTIMIZATION_LEVEL = 0;
				GCC_PREPROCESSOR_DEFINITIONS = (
					"DEBUG=1",
					"$(inherited)",
				);
				GCC_WARN_64_TO_32_BIT_CONVERSION = YES;
				GCC_WARN_ABOUT_RETURN_TYPE = YES_ERROR;
				GCC_WARN_UNDECLARED_SELECTOR = YES;
				GCC_WARN_UNINITIALIZED_AUTOS = YES_AGGRESSIVE;
				GCC_WARN_UNUSED_FUNCTION = YES;
				GCC_WARN_UNUSED_VARIABLE = YES;
				IPHONEOS_DEPLOYMENT_TARGET = 15.5;
				MTL_ENABLE_DEBUG_INFO = INCLUDE_SOURCE;
				MTL_FAST_MATH = YES;
				ONLY_ACTIVE_ARCH = YES;
				SDKROOT = iphoneos;
				SWIFT_ACTIVE_COMPILATION_CONDITIONS = DEBUG;
				SWIFT_OPTIMIZATION_LEVEL = "-Onone";
			};
			name = Debug;
		};
		197E375728DF9009009C104B /* Release */ = {
			isa = XCBuildConfiguration;
			buildSettings = {
				ALWAYS_SEARCH_USER_PATHS = NO;
				CLANG_ANALYZER_NONNULL = YES;
				CLANG_ANALYZER_NUMBER_OBJECT_CONVERSION = YES_AGGRESSIVE;
				CLANG_CXX_LANGUAGE_STANDARD = "gnu++17";
				CLANG_ENABLE_MODULES = YES;
				CLANG_ENABLE_OBJC_ARC = YES;
				CLANG_ENABLE_OBJC_WEAK = YES;
				CLANG_WARN_BLOCK_CAPTURE_AUTORELEASING = YES;
				CLANG_WARN_BOOL_CONVERSION = YES;
				CLANG_WARN_COMMA = YES;
				CLANG_WARN_CONSTANT_CONVERSION = YES;
				CLANG_WARN_DEPRECATED_OBJC_IMPLEMENTATIONS = YES;
				CLANG_WARN_DIRECT_OBJC_ISA_USAGE = YES_ERROR;
				CLANG_WARN_DOCUMENTATION_COMMENTS = YES;
				CLANG_WARN_EMPTY_BODY = YES;
				CLANG_WARN_ENUM_CONVERSION = YES;
				CLANG_WARN_INFINITE_RECURSION = YES;
				CLANG_WARN_INT_CONVERSION = YES;
				CLANG_WARN_NON_LITERAL_NULL_CONVERSION = YES;
				CLANG_WARN_OBJC_IMPLICIT_RETAIN_SELF = YES;
				CLANG_WARN_OBJC_LITERAL_CONVERSION = YES;
				CLANG_WARN_OBJC_ROOT_CLASS = YES_ERROR;
				CLANG_WARN_QUOTED_INCLUDE_IN_FRAMEWORK_HEADER = YES;
				CLANG_WARN_RANGE_LOOP_ANALYSIS = YES;
				CLANG_WARN_STRICT_PROTOTYPES = YES;
				CLANG_WARN_SUSPICIOUS_MOVE = YES;
				CLANG_WARN_UNGUARDED_AVAILABILITY = YES_AGGRESSIVE;
				CLANG_WARN_UNREACHABLE_CODE = YES;
				CLANG_WARN__DUPLICATE_METHOD_MATCH = YES;
				COPY_PHASE_STRIP = NO;
				DEBUG_INFORMATION_FORMAT = "dwarf-with-dsym";
				ENABLE_NS_ASSERTIONS = NO;
				ENABLE_STRICT_OBJC_MSGSEND = YES;
				GCC_C_LANGUAGE_STANDARD = gnu11;
				GCC_NO_COMMON_BLOCKS = YES;
				GCC_WARN_64_TO_32_BIT_CONVERSION = YES;
				GCC_WARN_ABOUT_RETURN_TYPE = YES_ERROR;
				GCC_WARN_UNDECLARED_SELECTOR = YES;
				GCC_WARN_UNINITIALIZED_AUTOS = YES_AGGRESSIVE;
				GCC_WARN_UNUSED_FUNCTION = YES;
				GCC_WARN_UNUSED_VARIABLE = YES;
				IPHONEOS_DEPLOYMENT_TARGET = 15.5;
				MTL_ENABLE_DEBUG_INFO = NO;
				MTL_FAST_MATH = YES;
				SDKROOT = iphoneos;
				SWIFT_COMPILATION_MODE = wholemodule;
				SWIFT_OPTIMIZATION_LEVEL = "-O";
				VALIDATE_PRODUCT = YES;
			};
			name = Release;
		};
		197E375928DF9009009C104B /* Debug */ = {
			isa = XCBuildConfiguration;
			baseConfigurationReference = C9E0585FCB8B3021385A73E5 /* Pods-AirBnbClone.debug.xcconfig */;
			buildSettings = {
				ASSETCATALOG_COMPILER_APPICON_NAME = AppIcon;
				ASSETCATALOG_COMPILER_GLOBAL_ACCENT_COLOR_NAME = AccentColor;
				CODE_SIGN_STYLE = Automatic;
				CURRENT_PROJECT_VERSION = 1;
				DEVELOPMENT_TEAM = 95J5ZJ5FVG;
				GENERATE_INFOPLIST_FILE = YES;
				INFOPLIST_FILE = AirBnbClone/App/Plists/Info.plist;
				INFOPLIST_KEY_UIApplicationSupportsIndirectInputEvents = YES;
				INFOPLIST_KEY_UILaunchStoryboardName = LaunchScreen;
				INFOPLIST_KEY_UISupportedInterfaceOrientations_iPad = "UIInterfaceOrientationPortrait UIInterfaceOrientationPortraitUpsideDown UIInterfaceOrientationLandscapeLeft UIInterfaceOrientationLandscapeRight";
				INFOPLIST_KEY_UISupportedInterfaceOrientations_iPhone = "UIInterfaceOrientationPortrait UIInterfaceOrientationLandscapeLeft UIInterfaceOrientationLandscapeRight";
				LD_RUNPATH_SEARCH_PATHS = (
					"$(inherited)",
					"@executable_path/Frameworks",
				);
				MARKETING_VERSION = 1.0;
				PRODUCT_BUNDLE_IDENTIFIER = com.alierengedikoglu.AirBnbClone;
				PRODUCT_NAME = "$(TARGET_NAME)";
				SWIFT_EMIT_LOC_STRINGS = YES;
				SWIFT_VERSION = 5.0;
				TARGETED_DEVICE_FAMILY = 1;
			};
			name = Debug;
		};
		197E375A28DF9009009C104B /* Release */ = {
			isa = XCBuildConfiguration;
			baseConfigurationReference = 9707D92F6065EB7BF8773952 /* Pods-AirBnbClone.release.xcconfig */;
			buildSettings = {
				ASSETCATALOG_COMPILER_APPICON_NAME = AppIcon;
				ASSETCATALOG_COMPILER_GLOBAL_ACCENT_COLOR_NAME = AccentColor;
				CODE_SIGN_STYLE = Automatic;
				CURRENT_PROJECT_VERSION = 1;
				DEVELOPMENT_TEAM = 95J5ZJ5FVG;
				GENERATE_INFOPLIST_FILE = YES;
				INFOPLIST_FILE = AirBnbClone/App/Plists/Info.plist;
				INFOPLIST_KEY_UIApplicationSupportsIndirectInputEvents = YES;
				INFOPLIST_KEY_UILaunchStoryboardName = LaunchScreen;
				INFOPLIST_KEY_UISupportedInterfaceOrientations_iPad = "UIInterfaceOrientationPortrait UIInterfaceOrientationPortraitUpsideDown UIInterfaceOrientationLandscapeLeft UIInterfaceOrientationLandscapeRight";
				INFOPLIST_KEY_UISupportedInterfaceOrientations_iPhone = "UIInterfaceOrientationPortrait UIInterfaceOrientationLandscapeLeft UIInterfaceOrientationLandscapeRight";
				LD_RUNPATH_SEARCH_PATHS = (
					"$(inherited)",
					"@executable_path/Frameworks",
				);
				MARKETING_VERSION = 1.0;
				PRODUCT_BUNDLE_IDENTIFIER = com.alierengedikoglu.AirBnbClone;
				PRODUCT_NAME = "$(TARGET_NAME)";
				SWIFT_EMIT_LOC_STRINGS = YES;
				SWIFT_VERSION = 5.0;
				TARGETED_DEVICE_FAMILY = 1;
			};
			name = Release;
		};
/* End XCBuildConfiguration section */

/* Begin XCConfigurationList section */
		197E373C28DF9007009C104B /* Build configuration list for PBXProject "AirBnbClone" */ = {
			isa = XCConfigurationList;
			buildConfigurations = (
				197E375628DF9009009C104B /* Debug */,
				197E375728DF9009009C104B /* Release */,
			);
			defaultConfigurationIsVisible = 0;
			defaultConfigurationName = Release;
		};
		197E375828DF9009009C104B /* Build configuration list for PBXNativeTarget "AirBnbClone" */ = {
			isa = XCConfigurationList;
			buildConfigurations = (
				197E375928DF9009009C104B /* Debug */,
				197E375A28DF9009009C104B /* Release */,
			);
			defaultConfigurationIsVisible = 0;
			defaultConfigurationName = Release;
		};
/* End XCConfigurationList section */

/* Begin XCRemoteSwiftPackageReference section */
		1983DF7429041F6C00B2B631 /* XCRemoteSwiftPackageReference "firebase-ios-sdk" */ = {
			isa = XCRemoteSwiftPackageReference;
			repositoryURL = "https://github.com/firebase/firebase-ios-sdk";
			requirement = {
				kind = upToNextMajorVersion;
				minimumVersion = 9.0.0;
			};
		};
/* End XCRemoteSwiftPackageReference section */

/* Begin XCSwiftPackageProductDependency section */
		1983DF7529041F6C00B2B631 /* FirebaseAuth */ = {
			isa = XCSwiftPackageProductDependency;
			package = 1983DF7429041F6C00B2B631 /* XCRemoteSwiftPackageReference "firebase-ios-sdk" */;
			productName = FirebaseAuth;
		};
		1983DF7729041F6C00B2B631 /* FirebaseDatabaseSwift */ = {
			isa = XCSwiftPackageProductDependency;
			package = 1983DF7429041F6C00B2B631 /* XCRemoteSwiftPackageReference "firebase-ios-sdk" */;
			productName = FirebaseDatabaseSwift;
		};
		1983DF7929041F6C00B2B631 /* FirebaseFirestoreSwift */ = {
			isa = XCSwiftPackageProductDependency;
			package = 1983DF7429041F6C00B2B631 /* XCRemoteSwiftPackageReference "firebase-ios-sdk" */;
			productName = FirebaseFirestoreSwift;
		};
		1983DF7B29041F6C00B2B631 /* FirebaseRemoteConfigSwift */ = {
			isa = XCSwiftPackageProductDependency;
			package = 1983DF7429041F6C00B2B631 /* XCRemoteSwiftPackageReference "firebase-ios-sdk" */;
			productName = FirebaseRemoteConfigSwift;
		};
		1983DF7D29041F6C00B2B631 /* FirebaseStorage */ = {
			isa = XCSwiftPackageProductDependency;
			package = 1983DF7429041F6C00B2B631 /* XCRemoteSwiftPackageReference "firebase-ios-sdk" */;
			productName = FirebaseStorage;
		};
/* End XCSwiftPackageProductDependency section */

/* Begin XCVersionGroup section */
		197E374D28DF9007009C104B /* AirBnbClone.xcdatamodeld */ = {
			isa = XCVersionGroup;
			children = (
				197E374E28DF9007009C104B /* AirBnbClone.xcdatamodel */,
			);
			currentVersion = 197E374E28DF9007009C104B /* AirBnbClone.xcdatamodel */;
			path = AirBnbClone.xcdatamodeld;
			sourceTree = "<group>";
			versionGroupType = wrapper.xcdatamodel;
		};
/* End XCVersionGroup section */
	};
	rootObject = 197E373928DF9007009C104B /* Project object */;
}
